// !$*UTF8*$!
{
	archiveVersion = 1;
	classes = {
	};
	objectVersion = 56;
	objects = {

/* Begin PBXBuildFile section */
		9D6462B22A12C52B009ADBD7 /* WorkoutDetailView2.swift in Sources */ = {isa = PBXBuildFile; fileRef = 9D6462B12A12C52B009ADBD7 /* WorkoutDetailView2.swift */; };
		9D6462B42A12C631009ADBD7 /* HwView.swift in Sources */ = {isa = PBXBuildFile; fileRef = 9D6462B32A12C631009ADBD7 /* HwView.swift */; };
		9D6462B62A12C9BC009ADBD7 /* WorkoutDetailView3.swift in Sources */ = {isa = PBXBuildFile; fileRef = 9D6462B52A12C9BC009ADBD7 /* WorkoutDetailView3.swift */; };
		9D6462B82A12CBBB009ADBD7 /* WorkoutDetailView4.swift in Sources */ = {isa = PBXBuildFile; fileRef = 9D6462B72A12CBBB009ADBD7 /* WorkoutDetailView4.swift */; };
		9D6462BA2A12CCA0009ADBD7 /* WorkoutDetailView5.swift in Sources */ = {isa = PBXBuildFile; fileRef = 9D6462B92A12CCA0009ADBD7 /* WorkoutDetailView5.swift */; };
		9D6462BC2A12CDD2009ADBD7 /* WorkoutDetailView6.swift in Sources */ = {isa = PBXBuildFile; fileRef = 9D6462BB2A12CDD2009ADBD7 /* WorkoutDetailView6.swift */; };
		9D6462BE2A12D10E009ADBD7 /* WorkoutDetailView7.swift in Sources */ = {isa = PBXBuildFile; fileRef = 9D6462BD2A12D10E009ADBD7 /* WorkoutDetailView7.swift */; };
		9DB649CA2A09B0C6007C76E8 /* WorkoutDetailView.swift in Sources */ = {isa = PBXBuildFile; fileRef = 9DB649C92A09B0C6007C76E8 /* WorkoutDetailView.swift */; };
		9DBC34BD2A090EB000D0D0E7 /* FitnessAppApp.swift in Sources */ = {isa = PBXBuildFile; fileRef = 9DBC34BC2A090EB000D0D0E7 /* FitnessAppApp.swift */; };
		9DBC34BF2A090EB000D0D0E7 /* ContentView.swift in Sources */ = {isa = PBXBuildFile; fileRef = 9DBC34BE2A090EB000D0D0E7 /* ContentView.swift */; };
		9DBC34C12A090EB200D0D0E7 /* Assets.xcassets in Resources */ = {isa = PBXBuildFile; fileRef = 9DBC34C02A090EB200D0D0E7 /* Assets.xcassets */; };
		9DD8784F2A0C42BA00FABB2A /* EditMenuView.swift in Sources */ = {isa = PBXBuildFile; fileRef = 9DD8784E2A0C42BA00FABB2A /* EditMenuView.swift */; };
		9DD878512A0C4E7C00FABB2A /* PlaceHolder.swift in Sources */ = {isa = PBXBuildFile; fileRef = 9DD878502A0C4E7C00FABB2A /* PlaceHolder.swift */; };
		AF01D2982A1CB1BE004ACAD1 /* file1.swift in Sources */ = {isa = PBXBuildFile; fileRef = AF01D2972A1CB1BE004ACAD1 /* file1.swift */; };
		AF01D29A2A1CB1CA004ACAD1 /* file2.swift in Sources */ = {isa = PBXBuildFile; fileRef = AF01D2992A1CB1CA004ACAD1 /* file2.swift */; };
		AF01D29C2A1CE182004ACAD1 /* Guide.swift in Sources */ = {isa = PBXBuildFile; fileRef = AF01D29B2A1CE182004ACAD1 /* Guide.swift */; };
		AF7958B12A1E987900D79525 /* HistoryView.swift in Sources */ = {isa = PBXBuildFile; fileRef = AF7958B02A1E987900D79525 /* HistoryView.swift */; };
		AF9334E82A1BADC800B51EE4 /* CalendarTestView.swift in Sources */ = {isa = PBXBuildFile; fileRef = AF9334E72A1BADC800B51EE4 /* CalendarTestView.swift */; };
		AF9334EA2A1BAE8B00B51EE4 /* CustomTabBar.swift in Sources */ = {isa = PBXBuildFile; fileRef = AF9334E92A1BAE8B00B51EE4 /* CustomTabBar.swift */; };
		AF9334EF2A1BB71100B51EE4 /* MainPage.swift in Sources */ = {isa = PBXBuildFile; fileRef = AF9334EE2A1BB71100B51EE4 /* MainPage.swift */; };
		AF9334F12A1BC17500B51EE4 /* ExampleList.swift in Sources */ = {isa = PBXBuildFile; fileRef = AF9334F02A1BC17500B51EE4 /* ExampleList.swift */; };
		AF9334F42A1C1D1500B51EE4 /* InfoLogger.swift in Sources */ = {isa = PBXBuildFile; fileRef = AF9334F32A1C1D1500B51EE4 /* InfoLogger.swift */; };
/* End PBXBuildFile section */

/* Begin PBXFileReference section */
		9D6462B12A12C52B009ADBD7 /* WorkoutDetailView2.swift */ = {isa = PBXFileReference; lastKnownFileType = sourcecode.swift; path = WorkoutDetailView2.swift; sourceTree = "<group>"; };
		9D6462B32A12C631009ADBD7 /* HwView.swift */ = {isa = PBXFileReference; lastKnownFileType = sourcecode.swift; path = HwView.swift; sourceTree = "<group>"; };
		9D6462B52A12C9BC009ADBD7 /* WorkoutDetailView3.swift */ = {isa = PBXFileReference; lastKnownFileType = sourcecode.swift; path = WorkoutDetailView3.swift; sourceTree = "<group>"; };
		9D6462B72A12CBBB009ADBD7 /* WorkoutDetailView4.swift */ = {isa = PBXFileReference; lastKnownFileType = sourcecode.swift; path = WorkoutDetailView4.swift; sourceTree = "<group>"; };
		9D6462B92A12CCA0009ADBD7 /* WorkoutDetailView5.swift */ = {isa = PBXFileReference; lastKnownFileType = sourcecode.swift; path = WorkoutDetailView5.swift; sourceTree = "<group>"; };
		9D6462BB2A12CDD2009ADBD7 /* WorkoutDetailView6.swift */ = {isa = PBXFileReference; lastKnownFileType = sourcecode.swift; path = WorkoutDetailView6.swift; sourceTree = "<group>"; };
		9D6462BD2A12D10E009ADBD7 /* WorkoutDetailView7.swift */ = {isa = PBXFileReference; lastKnownFileType = sourcecode.swift; path = WorkoutDetailView7.swift; sourceTree = "<group>"; };
		9DB649C92A09B0C6007C76E8 /* WorkoutDetailView.swift */ = {isa = PBXFileReference; lastKnownFileType = sourcecode.swift; path = WorkoutDetailView.swift; sourceTree = "<group>"; };
		9DBC34B92A090EB000D0D0E7 /* FitnessApp.app */ = {isa = PBXFileReference; explicitFileType = wrapper.application; includeInIndex = 0; path = FitnessApp.app; sourceTree = BUILT_PRODUCTS_DIR; };
		9DBC34BC2A090EB000D0D0E7 /* FitnessAppApp.swift */ = {isa = PBXFileReference; lastKnownFileType = sourcecode.swift; path = FitnessAppApp.swift; sourceTree = "<group>"; };
		9DBC34BE2A090EB000D0D0E7 /* ContentView.swift */ = {isa = PBXFileReference; lastKnownFileType = sourcecode.swift; path = ContentView.swift; sourceTree = "<group>"; };
		9DBC34C02A090EB200D0D0E7 /* Assets.xcassets */ = {isa = PBXFileReference; lastKnownFileType = folder.assetcatalog; path = Assets.xcassets; sourceTree = "<group>"; };
		9DD8784E2A0C42BA00FABB2A /* EditMenuView.swift */ = {isa = PBXFileReference; lastKnownFileType = sourcecode.swift; path = EditMenuView.swift; sourceTree = "<group>"; };
		9DD878502A0C4E7C00FABB2A /* PlaceHolder.swift */ = {isa = PBXFileReference; lastKnownFileType = sourcecode.swift; path = PlaceHolder.swift; sourceTree = "<group>"; };
		AF01D2972A1CB1BE004ACAD1 /* file1.swift */ = {isa = PBXFileReference; lastKnownFileType = sourcecode.swift; path = file1.swift; sourceTree = "<group>"; };
		AF01D2992A1CB1CA004ACAD1 /* file2.swift */ = {isa = PBXFileReference; lastKnownFileType = sourcecode.swift; path = file2.swift; sourceTree = "<group>"; };
		AF01D29B2A1CE182004ACAD1 /* Guide.swift */ = {isa = PBXFileReference; lastKnownFileType = sourcecode.swift; path = Guide.swift; sourceTree = "<group>"; };
		AF76403E2A8F6ADC00747D8D /* README.md */ = {isa = PBXFileReference; lastKnownFileType = net.daringfireball.markdown; path = README.md; sourceTree = "<group>"; };
		AF7958B02A1E987900D79525 /* HistoryView.swift */ = {isa = PBXFileReference; lastKnownFileType = sourcecode.swift; path = HistoryView.swift; sourceTree = "<group>"; };
		AF9334E72A1BADC800B51EE4 /* CalendarTestView.swift */ = {isa = PBXFileReference; lastKnownFileType = sourcecode.swift; path = CalendarTestView.swift; sourceTree = "<group>"; };
		AF9334E92A1BAE8B00B51EE4 /* CustomTabBar.swift */ = {isa = PBXFileReference; lastKnownFileType = sourcecode.swift; path = CustomTabBar.swift; sourceTree = "<group>"; };
		AF9334EE2A1BB71100B51EE4 /* MainPage.swift */ = {isa = PBXFileReference; lastKnownFileType = sourcecode.swift; path = MainPage.swift; sourceTree = "<group>"; };
		AF9334F02A1BC17500B51EE4 /* ExampleList.swift */ = {isa = PBXFileReference; lastKnownFileType = sourcecode.swift; path = ExampleList.swift; sourceTree = "<group>"; };
		AF9334F32A1C1D1500B51EE4 /* InfoLogger.swift */ = {isa = PBXFileReference; lastKnownFileType = sourcecode.swift; path = InfoLogger.swift; sourceTree = "<group>"; };
/* End PBXFileReference section */

/* Begin PBXFrameworksBuildPhase section */
		9DBC34B62A090EB000D0D0E7 /* Frameworks */ = {
			isa = PBXFrameworksBuildPhase;
			buildActionMask = 2147483647;
			files = (
			);
			runOnlyForDeploymentPostprocessing = 0;
		};
/* End PBXFrameworksBuildPhase section */

/* Begin PBXGroup section */
		9DBC34B02A090EB000D0D0E7 = {
			isa = PBXGroup;
			children = (
				AF76403E2A8F6ADC00747D8D /* README.md */,
				9DBC34BB2A090EB000D0D0E7 /* FitnessApp */,
				9DBC34BA2A090EB000D0D0E7 /* Products */,
			);
			sourceTree = "<group>";
		};
		9DBC34BA2A090EB000D0D0E7 /* Products */ = {
			isa = PBXGroup;
			children = (
				9DBC34B92A090EB000D0D0E7 /* FitnessApp.app */,
			);
			name = Products;
			sourceTree = "<group>";
		};
		9DBC34BB2A090EB000D0D0E7 /* FitnessApp */ = {
			isa = PBXGroup;
			children = (
				9DBC34BC2A090EB000D0D0E7 /* FitnessAppApp.swift */,
				9DBC34BE2A090EB000D0D0E7 /* ContentView.swift */,
				AF9334EE2A1BB71100B51EE4 /* MainPage.swift */,
				AF9334EB2A1BB60400B51EE4 /* WorkoutDetailView */,
				AF9334F22A1C1CED00B51EE4 /* Experimenting */,
				9DBC34C02A090EB200D0D0E7 /* Assets.xcassets */,
			);
			path = FitnessApp;
			sourceTree = "<group>";
		};
		AF9334EB2A1BB60400B51EE4 /* WorkoutDetailView */ = {
			isa = PBXGroup;
			children = (
				9D6462B32A12C631009ADBD7 /* HwView.swift */,
				9DB649C92A09B0C6007C76E8 /* WorkoutDetailView.swift */,
				9D6462B12A12C52B009ADBD7 /* WorkoutDetailView2.swift */,
				9D6462B52A12C9BC009ADBD7 /* WorkoutDetailView3.swift */,
				9D6462B72A12CBBB009ADBD7 /* WorkoutDetailView4.swift */,
				9D6462B92A12CCA0009ADBD7 /* WorkoutDetailView5.swift */,
				9D6462BB2A12CDD2009ADBD7 /* WorkoutDetailView6.swift */,
				9D6462BD2A12D10E009ADBD7 /* WorkoutDetailView7.swift */,
			);
			path = WorkoutDetailView;
			sourceTree = "<group>";
		};
		AF9334F22A1C1CED00B51EE4 /* Experimenting */ = {
			isa = PBXGroup;
			children = (
				9DD878502A0C4E7C00FABB2A /* PlaceHolder.swift */,
				9DD8784E2A0C42BA00FABB2A /* EditMenuView.swift */,
				AF01D29B2A1CE182004ACAD1 /* Guide.swift */,
				AF9334F02A1BC17500B51EE4 /* ExampleList.swift */,
				AF9334E72A1BADC800B51EE4 /* CalendarTestView.swift */,
				AF9334E92A1BAE8B00B51EE4 /* CustomTabBar.swift */,
				AF9334F32A1C1D1500B51EE4 /* InfoLogger.swift */,
				AF01D2972A1CB1BE004ACAD1 /* file1.swift */,
				AF01D2992A1CB1CA004ACAD1 /* file2.swift */,
				AF7958B02A1E987900D79525 /* HistoryView.swift */,
			);
			path = Experimenting;
			sourceTree = "<group>";
		};
/* End PBXGroup section */

/* Begin PBXNativeTarget section */
		9DBC34B82A090EB000D0D0E7 /* FitnessApp */ = {
			isa = PBXNativeTarget;
			buildConfigurationList = 9DBC34C72A090EB200D0D0E7 /* Build configuration list for PBXNativeTarget "FitnessApp" */;
			buildPhases = (
				9DBC34B52A090EB000D0D0E7 /* Sources */,
				9DBC34B62A090EB000D0D0E7 /* Frameworks */,
				9DBC34B72A090EB000D0D0E7 /* Resources */,
			);
			buildRules = (
			);
			dependencies = (
			);
			name = FitnessApp;
			productName = FitnessApp;
			productReference = 9DBC34B92A090EB000D0D0E7 /* FitnessApp.app */;
			productType = "com.apple.product-type.application";
		};
/* End PBXNativeTarget section */

/* Begin PBXProject section */
		9DBC34B12A090EB000D0D0E7 /* Project object */ = {
			isa = PBXProject;
			attributes = {
				BuildIndependentTargetsInParallel = 1;
				LastSwiftUpdateCheck = 1430;
				LastUpgradeCheck = 1430;
				TargetAttributes = {
					9DBC34B82A090EB000D0D0E7 = {
						CreatedOnToolsVersion = 14.3;
					};
				};
			};
			buildConfigurationList = 9DBC34B42A090EB000D0D0E7 /* Build configuration list for PBXProject "FitnessApp" */;
			compatibilityVersion = "Xcode 14.0";
			developmentRegion = en;
			hasScannedForEncodings = 0;
			knownRegions = (
				en,
				Base,
			);
			mainGroup = 9DBC34B02A090EB000D0D0E7;
			productRefGroup = 9DBC34BA2A090EB000D0D0E7 /* Products */;
			projectDirPath = "";
			projectRoot = "";
			targets = (
				9DBC34B82A090EB000D0D0E7 /* FitnessApp */,
			);
		};
/* End PBXProject section */

/* Begin PBXResourcesBuildPhase section */
		9DBC34B72A090EB000D0D0E7 /* Resources */ = {
			isa = PBXResourcesBuildPhase;
			buildActionMask = 2147483647;
			files = (
				9DBC34C12A090EB200D0D0E7 /* Assets.xcassets in Resources */,
			);
			runOnlyForDeploymentPostprocessing = 0;
		};
/* End PBXResourcesBuildPhase section */

/* Begin PBXSourcesBuildPhase section */
		9DBC34B52A090EB000D0D0E7 /* Sources */ = {
			isa = PBXSourcesBuildPhase;
			buildActionMask = 2147483647;
			files = (
				9D6462B42A12C631009ADBD7 /* HwView.swift in Sources */,
				9D6462B22A12C52B009ADBD7 /* WorkoutDetailView2.swift in Sources */,
				AF9334F42A1C1D1500B51EE4 /* InfoLogger.swift in Sources */,
				AF9334EA2A1BAE8B00B51EE4 /* CustomTabBar.swift in Sources */,
				9DBC34BF2A090EB000D0D0E7 /* ContentView.swift in Sources */,
				AF9334F12A1BC17500B51EE4 /* ExampleList.swift in Sources */,
				9D6462BE2A12D10E009ADBD7 /* WorkoutDetailView7.swift in Sources */,
				AF7958B12A1E987900D79525 /* HistoryView.swift in Sources */,
				AF01D2982A1CB1BE004ACAD1 /* file1.swift in Sources */,
				AF9334EF2A1BB71100B51EE4 /* MainPage.swift in Sources */,
				9DB649CA2A09B0C6007C76E8 /* WorkoutDetailView.swift in Sources */,
				9DBC34BD2A090EB000D0D0E7 /* FitnessAppApp.swift in Sources */,
				AF9334E82A1BADC800B51EE4 /* CalendarTestView.swift in Sources */,
				AF01D29C2A1CE182004ACAD1 /* Guide.swift in Sources */,
				9DD878512A0C4E7C00FABB2A /* PlaceHolder.swift in Sources */,
				9D6462B82A12CBBB009ADBD7 /* WorkoutDetailView4.swift in Sources */,
				9D6462BC2A12CDD2009ADBD7 /* WorkoutDetailView6.swift in Sources */,
				9DD8784F2A0C42BA00FABB2A /* EditMenuView.swift in Sources */,
				9D6462B62A12C9BC009ADBD7 /* WorkoutDetailView3.swift in Sources */,
				9D6462BA2A12CCA0009ADBD7 /* WorkoutDetailView5.swift in Sources */,
				AF01D29A2A1CB1CA004ACAD1 /* file2.swift in Sources */,
			);
			runOnlyForDeploymentPostprocessing = 0;
		};
/* End PBXSourcesBuildPhase section */

/* Begin XCBuildConfiguration section */
		9DBC34C52A090EB200D0D0E7 /* Debug */ = {
			isa = XCBuildConfiguration;
			buildSettings = {
				ALWAYS_SEARCH_USER_PATHS = NO;
				CLANG_ANALYZER_NONNULL = YES;
				CLANG_ANALYZER_NUMBER_OBJECT_CONVERSION = YES_AGGRESSIVE;
				CLANG_CXX_LANGUAGE_STANDARD = "gnu++20";
				CLANG_ENABLE_MODULES = YES;
				CLANG_ENABLE_OBJC_ARC = YES;
				CLANG_ENABLE_OBJC_WEAK = YES;
				CLANG_WARN_BLOCK_CAPTURE_AUTORELEASING = YES;
				CLANG_WARN_BOOL_CONVERSION = YES;
				CLANG_WARN_COMMA = YES;
				CLANG_WARN_CONSTANT_CONVERSION = YES;
				CLANG_WARN_DEPRECATED_OBJC_IMPLEMENTATIONS = YES;
				CLANG_WARN_DIRECT_OBJC_ISA_USAGE = YES_ERROR;
				CLANG_WARN_DOCUMENTATION_COMMENTS = YES;
				CLANG_WARN_EMPTY_BODY = YES;
				CLANG_WARN_ENUM_CONVERSION = YES;
				CLANG_WARN_INFINITE_RECURSION = YES;
				CLANG_WARN_INT_CONVERSION = YES;
				CLANG_WARN_NON_LITERAL_NULL_CONVERSION = YES;
				CLANG_WARN_OBJC_IMPLICIT_RETAIN_SELF = YES;
				CLANG_WARN_OBJC_LITERAL_CONVERSION = YES;
				CLANG_WARN_OBJC_ROOT_CLASS = YES_ERROR;
				CLANG_WARN_QUOTED_INCLUDE_IN_FRAMEWORK_HEADER = YES;
				CLANG_WARN_RANGE_LOOP_ANALYSIS = YES;
				CLANG_WARN_STRICT_PROTOTYPES = YES;
				CLANG_WARN_SUSPICIOUS_MOVE = YES;
				CLANG_WARN_UNGUARDED_AVAILABILITY = YES_AGGRESSIVE;
				CLANG_WARN_UNREACHABLE_CODE = YES;
				CLANG_WARN__DUPLICATE_METHOD_MATCH = YES;
				COPY_PHASE_STRIP = NO;
				DEBUG_INFORMATION_FORMAT = dwarf;
				ENABLE_STRICT_OBJC_MSGSEND = YES;
				ENABLE_TESTABILITY = YES;
				GCC_C_LANGUAGE_STANDARD = gnu11;
				GCC_DYNAMIC_NO_PIC = NO;
				GCC_NO_COMMON_BLOCKS = YES;
				GCC_OPTIMIZATION_LEVEL = 0;
				GCC_PREPROCESSOR_DEFINITIONS = (
					"DEBUG=1",
					"$(inherited)",
				);
				GCC_WARN_64_TO_32_BIT_CONVERSION = YES;
				GCC_WARN_ABOUT_RETURN_TYPE = YES_ERROR;
				GCC_WARN_UNDECLARED_SELECTOR = YES;
				GCC_WARN_UNINITIALIZED_AUTOS = YES_AGGRESSIVE;
				GCC_WARN_UNUSED_FUNCTION = YES;
				GCC_WARN_UNUSED_VARIABLE = YES;
				IPHONEOS_DEPLOYMENT_TARGET = 16.4;
				MTL_ENABLE_DEBUG_INFO = INCLUDE_SOURCE;
				MTL_FAST_MATH = YES;
				ONLY_ACTIVE_ARCH = YES;
				SDKROOT = iphoneos;
				SWIFT_ACTIVE_COMPILATION_CONDITIONS = DEBUG;
				SWIFT_OPTIMIZATION_LEVEL = "-Onone";
			};
			name = Debug;
		};
		9DBC34C62A090EB200D0D0E7 /* Release */ = {
			isa = XCBuildConfiguration;
			buildSettings = {
				ALWAYS_SEARCH_USER_PATHS = NO;
				CLANG_ANALYZER_NONNULL = YES;
				CLANG_ANALYZER_NUMBER_OBJECT_CONVERSION = YES_AGGRESSIVE;
				CLANG_CXX_LANGUAGE_STANDARD = "gnu++20";
				CLANG_ENABLE_MODULES = YES;
				CLANG_ENABLE_OBJC_ARC = YES;
				CLANG_ENABLE_OBJC_WEAK = YES;
				CLANG_WARN_BLOCK_CAPTURE_AUTORELEASING = YES;
				CLANG_WARN_BOOL_CONVERSION = YES;
				CLANG_WARN_COMMA = YES;
				CLANG_WARN_CONSTANT_CONVERSION = YES;
				CLANG_WARN_DEPRECATED_OBJC_IMPLEMENTATIONS = YES;
				CLANG_WARN_DIRECT_OBJC_ISA_USAGE = YES_ERROR;
				CLANG_WARN_DOCUMENTATION_COMMENTS = YES;
				CLANG_WARN_EMPTY_BODY = YES;
				CLANG_WARN_ENUM_CONVERSION = YES;
				CLANG_WARN_INFINITE_RECURSION = YES;
				CLANG_WARN_INT_CONVERSION = YES;
				CLANG_WARN_NON_LITERAL_NULL_CONVERSION = YES;
				CLANG_WARN_OBJC_IMPLICIT_RETAIN_SELF = YES;
				CLANG_WARN_OBJC_LITERAL_CONVERSION = YES;
				CLANG_WARN_OBJC_ROOT_CLASS = YES_ERROR;
				CLANG_WARN_QUOTED_INCLUDE_IN_FRAMEWORK_HEADER = YES;
				CLANG_WARN_RANGE_LOOP_ANALYSIS = YES;
				CLANG_WARN_STRICT_PROTOTYPES = YES;
				CLANG_WARN_SUSPICIOUS_MOVE = YES;
				CLANG_WARN_UNGUARDED_AVAILABILITY = YES_AGGRESSIVE;
				CLANG_WARN_UNREACHABLE_CODE = YES;
				CLANG_WARN__DUPLICATE_METHOD_MATCH = YES;
				COPY_PHASE_STRIP = NO;
				DEBUG_INFORMATION_FORMAT = "dwarf-with-dsym";
				ENABLE_NS_ASSERTIONS = NO;
				ENABLE_STRICT_OBJC_MSGSEND = YES;
				GCC_C_LANGUAGE_STANDARD = gnu11;
				GCC_NO_COMMON_BLOCKS = YES;
				GCC_WARN_64_TO_32_BIT_CONVERSION = YES;
				GCC_WARN_ABOUT_RETURN_TYPE = YES_ERROR;
				GCC_WARN_UNDECLARED_SELECTOR = YES;
				GCC_WARN_UNINITIALIZED_AUTOS = YES_AGGRESSIVE;
				GCC_WARN_UNUSED_FUNCTION = YES;
				GCC_WARN_UNUSED_VARIABLE = YES;
				IPHONEOS_DEPLOYMENT_TARGET = 16.4;
				MTL_ENABLE_DEBUG_INFO = NO;
				MTL_FAST_MATH = YES;
				SDKROOT = iphoneos;
				SWIFT_COMPILATION_MODE = wholemodule;
				SWIFT_OPTIMIZATION_LEVEL = "-O";
				VALIDATE_PRODUCT = YES;
			};
			name = Release;
		};
		9DBC34C82A090EB200D0D0E7 /* Debug */ = {
			isa = XCBuildConfiguration;
			buildSettings = {
				ASSETCATALOG_COMPILER_APPICON_NAME = AppIcon;
				ASSETCATALOG_COMPILER_GLOBAL_ACCENT_COLOR_NAME = AccentColor;
				CODE_SIGN_IDENTITY = "Apple Development";
				CODE_SIGN_STYLE = Automatic;
				CURRENT_PROJECT_VERSION = 1;
				DEVELOPMENT_ASSET_PATHS = "\"FitnessApp/Preview Content\"";
				DEVELOPMENT_TEAM = 984V28L4F8;
				ENABLE_PREVIEWS = YES;
				GENERATE_INFOPLIST_FILE = YES;
				INFOPLIST_KEY_CFBundleDisplayName = "Workout SK";
				INFOPLIST_KEY_LSApplicationCategoryType = "public.app-category.healthcare-fitness";
				INFOPLIST_KEY_UIApplicationSceneManifest_Generation = YES;
				INFOPLIST_KEY_UIApplicationSupportsIndirectInputEvents = YES;
				INFOPLIST_KEY_UILaunchScreen_Generation = YES;
				INFOPLIST_KEY_UIStatusBarStyle = "";
				INFOPLIST_KEY_UISupportedInterfaceOrientations = "UIInterfaceOrientationLandscapeLeft UIInterfaceOrientationLandscapeRight UIInterfaceOrientationPortrait";
				IPHONEOS_DEPLOYMENT_TARGET = 16.0;
				LD_RUNPATH_SEARCH_PATHS = (
					"$(inherited)",
					"@executable_path/Frameworks",
				);
				MARKETING_VERSION = 1.0;
				PRODUCT_BUNDLE_IDENTIFIER = com.nicolaiJG.FitnessApp;
				PRODUCT_NAME = "$(TARGET_NAME)";
				PROVISIONING_PROFILE_SPECIFIER = "";
				SWIFT_EMIT_LOC_STRINGS = YES;
				SWIFT_VERSION = 5.0;
				TARGETED_DEVICE_FAMILY = 1;
			};
			name = Debug;
		};
		9DBC34C92A090EB200D0D0E7 /* Release */ = {
			isa = XCBuildConfiguration;
			buildSettings = {
				ASSETCATALOG_COMPILER_APPICON_NAME = AppIcon;
				ASSETCATALOG_COMPILER_GLOBAL_ACCENT_COLOR_NAME = AccentColor;
				CODE_SIGN_IDENTITY = "Apple Development";
				CODE_SIGN_STYLE = Automatic;
				CURRENT_PROJECT_VERSION = 1;
				DEVELOPMENT_ASSET_PATHS = "\"FitnessApp/Preview Content\"";
				DEVELOPMENT_TEAM = 984V28L4F8;
				ENABLE_PREVIEWS = YES;
				GENERATE_INFOPLIST_FILE = YES;
				INFOPLIST_KEY_CFBundleDisplayName = "Workout SK";
				INFOPLIST_KEY_LSApplicationCategoryType = "public.app-category.healthcare-fitness";
				INFOPLIST_KEY_UIApplicationSceneManifest_Generation = YES;
				INFOPLIST_KEY_UIApplicationSupportsIndirectInputEvents = YES;
				INFOPLIST_KEY_UILaunchScreen_Generation = YES;
				INFOPLIST_KEY_UIStatusBarStyle = "";
				INFOPLIST_KEY_UISupportedInterfaceOrientations = "UIInterfaceOrientationLandscapeLeft UIInterfaceOrientationLandscapeRight UIInterfaceOrientationPortrait";
				IPHONEOS_DEPLOYMENT_TARGET = 16.0;
				LD_RUNPATH_SEARCH_PATHS = (
					"$(inherited)",
					"@executable_path/Frameworks",
				);
				MARKETING_VERSION = 1.0;
				PRODUCT_BUNDLE_IDENTIFIER = com.nicolaiJG.FitnessApp;
				PRODUCT_NAME = "$(TARGET_NAME)";
				PROVISIONING_PROFILE_SPECIFIER = "";
				SWIFT_EMIT_LOC_STRINGS = YES;
				SWIFT_VERSION = 5.0;
				TARGETED_DEVICE_FAMILY = 1;
			};
			name = Release;
		};
/* End XCBuildConfiguration section */

/* Begin XCConfigurationList section */
		9DBC34B42A090EB000D0D0E7 /* Build configuration list for PBXProject "FitnessApp" */ = {
			isa = XCConfigurationList;
			buildConfigurations = (
				9DBC34C52A090EB200D0D0E7 /* Debug */,
				9DBC34C62A090EB200D0D0E7 /* Release */,
			);
			defaultConfigurationIsVisible = 0;
			defaultConfigurationName = Release;
		};
		9DBC34C72A090EB200D0D0E7 /* Build configuration list for PBXNativeTarget "FitnessApp" */ = {
			isa = XCConfigurationList;
			buildConfigurations = (
				9DBC34C82A090EB200D0D0E7 /* Debug */,
				9DBC34C92A090EB200D0D0E7 /* Release */,
			);
			defaultConfigurationIsVisible = 0;
			defaultConfigurationName = Release;
		};
/* End XCConfigurationList section */
	};
	rootObject = 9DBC34B12A090EB000D0D0E7 /* Project object */;
}
